
Microsoft Visual Studio Solution File, Format Version 12.00
# Visual Studio Version 17
VisualStudioVersion = 17.8.34330.188
MinimumVisualStudioVersion = 10.0.40219.1
Project("{FAE04EC0-301F-11D3-BF4B-00C04F79EFBC}") = "WpfApp10", "WpfApp10\WpfApp10.csproj", "{C61CC336-EF73-431A-862C-0506964410C1}"
EndProject
Global
	GlobalSection(SolutionConfigurationPlatforms) = preSolution
		Debug|Any CPU = Debug|Any CPU
		Release|Any CPU = Release|Any CPU
	EndGlobalSection
	GlobalSection(ProjectConfigurationPlatforms) = postSolution
		{C61CC336-EF73-431A-862C-0506964410C1}.Debug|Any CPU.ActiveCfg = Debug|Any CPU
		{C61CC336-EF73-431A-862C-0506964410C1}.Debug|Any CPU.Build.0 = Debug|Any CPU
		{C61CC336-EF73-431A-862C-0506964410C1}.Release|Any CPU.ActiveCfg = Release|Any CPU
		{C61CC336-EF73-431A-862C-0506964410C1}.Release|Any CPU.Build.0 = Release|Any CPU
	EndGlobalSection
	GlobalSection(SolutionProperties) = preSolution
		HideSolutionNode = FALSE
	EndGlobalSection
	GlobalSection(ExtensibilityGlobals) = postSolution
		SolutionGuid = {7E509ACE-82E6-4642-91C2-62C7A1A40E40}
	EndGlobalSection
EndGlobal
